// !$*UTF8*$!
{
	archiveVersion = 1;
	classes = {
	};
	objectVersion = 46;
	objects = {

/* Begin PBXBuildFile section */
		F124AE72175D75FD00432438 /* VehicleAnnotationView.m in Sources */ = {isa = PBXBuildFile; fileRef = F124AE71175D75FD00432438 /* VehicleAnnotationView.m */; };
		F16CBF05175D444C0069CF26 /* UIKit.framework in Frameworks */ = {isa = PBXBuildFile; fileRef = F16CBF04175D444C0069CF26 /* UIKit.framework */; };
		F16CBF07175D444C0069CF26 /* Foundation.framework in Frameworks */ = {isa = PBXBuildFile; fileRef = F16CBF06175D444C0069CF26 /* Foundation.framework */; };
		F16CBF09175D444C0069CF26 /* CoreGraphics.framework in Frameworks */ = {isa = PBXBuildFile; fileRef = F16CBF08175D444C0069CF26 /* CoreGraphics.framework */; };
		F16CBF0F175D444C0069CF26 /* InfoPlist.strings in Resources */ = {isa = PBXBuildFile; fileRef = F16CBF0D175D444C0069CF26 /* InfoPlist.strings */; };
		F16CBF11175D444C0069CF26 /* main.m in Sources */ = {isa = PBXBuildFile; fileRef = F16CBF10175D444C0069CF26 /* main.m */; };
		F16CBF15175D444C0069CF26 /* AppDelegate.m in Sources */ = {isa = PBXBuildFile; fileRef = F16CBF14175D444C0069CF26 /* AppDelegate.m */; };
		F16CBF17175D444C0069CF26 /* Default.png in Resources */ = {isa = PBXBuildFile; fileRef = F16CBF16175D444C0069CF26 /* Default.png */; };
		F16CBF19175D444C0069CF26 /* Default@2x.png in Resources */ = {isa = PBXBuildFile; fileRef = F16CBF18175D444C0069CF26 /* Default@2x.png */; };
		F16CBF1B175D444C0069CF26 /* Default-568h@2x.png in Resources */ = {isa = PBXBuildFile; fileRef = F16CBF1A175D444C0069CF26 /* Default-568h@2x.png */; };
		F16CBF1E175D444C0069CF26 /* MainStoryboard_iPhone.storyboard in Resources */ = {isa = PBXBuildFile; fileRef = F16CBF1C175D444C0069CF26 /* MainStoryboard_iPhone.storyboard */; };
		F16CBF21175D444C0069CF26 /* MainStoryboard_iPad.storyboard in Resources */ = {isa = PBXBuildFile; fileRef = F16CBF1F175D444C0069CF26 /* MainStoryboard_iPad.storyboard */; };
		F16CBF24175D444C0069CF26 /* ViewController.m in Sources */ = {isa = PBXBuildFile; fileRef = F16CBF23175D444C0069CF26 /* ViewController.m */; };
		F16CBF2B175D46160069CF26 /* MapKit.framework in Frameworks */ = {isa = PBXBuildFile; fileRef = F16CBF2A175D46160069CF26 /* MapKit.framework */; };
		F16CBF38175D49E50069CF26 /* base64.c in Sources */ = {isa = PBXBuildFile; fileRef = F16CBF31175D49E50069CF26 /* base64.c */; };
		F16CBF39175D49E50069CF26 /* NSData+SRB64Additions.m in Sources */ = {isa = PBXBuildFile; fileRef = F16CBF34175D49E50069CF26 /* NSData+SRB64Additions.m */; };
		F16CBF3A175D49E50069CF26 /* SRWebSocket.m in Sources */ = {isa = PBXBuildFile; fileRef = F16CBF37175D49E50069CF26 /* SRWebSocket.m */; };
		F16CBF3C175D4B150069CF26 /* libicucore.dylib in Frameworks */ = {isa = PBXBuildFile; fileRef = F16CBF3B175D4B150069CF26 /* libicucore.dylib */; };
		F16CBF3E175D4B1D0069CF26 /* CFNetwork.framework in Frameworks */ = {isa = PBXBuildFile; fileRef = F16CBF3D175D4B1D0069CF26 /* CFNetwork.framework */; };
		F16CBF40175D4B260069CF26 /* Security.framework in Frameworks */ = {isa = PBXBuildFile; fileRef = F16CBF3F175D4B260069CF26 /* Security.framework */; };
		F16CBF43175D4C640069CF26 /* VehicleAnnotation.m in Sources */ = {isa = PBXBuildFile; fileRef = F16CBF42175D4C640069CF26 /* VehicleAnnotation.m */; };
		F19BB086175EB5E000F0E297 /* HoverToolbar.m in Sources */ = {isa = PBXBuildFile; fileRef = F19BB085175EB5E000F0E297 /* HoverToolbar.m */; };
		F19BB08D175ED7CB00F0E297 /* .gitignore in Resources */ = {isa = PBXBuildFile; fileRef = F19BB088175ED7CB00F0E297 /* .gitignore */; };
		F19BB08E175ED7CB00F0E297 /* FDCurlViewControl.m in Sources */ = {isa = PBXBuildFile; fileRef = F19BB08A175ED7CB00F0E297 /* FDCurlViewControl.m */; };
		F19BB08F175ED7CB00F0E297 /* LICENSE in Resources */ = {isa = PBXBuildFile; fileRef = F19BB08B175ED7CB00F0E297 /* LICENSE */; };
		F19BB090175ED7CB00F0E297 /* README in Resources */ = {isa = PBXBuildFile; fileRef = F19BB08C175ED7CB00F0E297 /* README */; };
		F19BB092175EDCD600F0E297 /* QuartzCore.framework in Frameworks */ = {isa = PBXBuildFile; fileRef = F19BB091175EDCD600F0E297 /* QuartzCore.framework */; };
		F19BB095175EDD6C00F0E297 /* MapOptionsView.m in Sources */ = {isa = PBXBuildFile; fileRef = F19BB094175EDD6C00F0E297 /* MapOptionsView.m */; };
		F1D42EB2175D85FE00BD04D5 /* UIColor+HexString.m in Sources */ = {isa = PBXBuildFile; fileRef = F1D42EB1175D85FE00BD04D5 /* UIColor+HexString.m */; };
		F1D50D19175DA22200122413 /* Busdrone-blue-icon.png in Resources */ = {isa = PBXBuildFile; fileRef = F1D50D18175DA22200122413 /* Busdrone-blue-icon.png */; };
		F1D50D1C175DA2A500122413 /* Busdrone-blue-icon-large.png in Resources */ = {isa = PBXBuildFile; fileRef = F1D50D1B175DA2A500122413 /* Busdrone-blue-icon-large.png */; };
		F1D50D1E175DA53D00122413 /* Busdrone-blue-icon-72x72.png in Resources */ = {isa = PBXBuildFile; fileRef = F1D50D1D175DA53D00122413 /* Busdrone-blue-icon-72x72.png */; };
		F1D50D20175DA56C00122413 /* Busdrone-blue-icon-144x144.png in Resources */ = {isa = PBXBuildFile; fileRef = F1D50D1F175DA56C00122413 /* Busdrone-blue-icon-144x144.png */; };
		F1D50D27175E756600122413 /* CoreLocation.framework in Frameworks */ = {isa = PBXBuildFile; fileRef = F1D50D26175E756600122413 /* CoreLocation.framework */; };
/* End PBXBuildFile section */

/* Begin PBXFileReference section */
		F124AE70175D75FD00432438 /* VehicleAnnotationView.h */ = {isa = PBXFileReference; fileEncoding = 4; lastKnownFileType = sourcecode.c.h; path = VehicleAnnotationView.h; sourceTree = "<group>"; };
		F124AE71175D75FD00432438 /* VehicleAnnotationView.m */ = {isa = PBXFileReference; fileEncoding = 4; lastKnownFileType = sourcecode.c.objc; path = VehicleAnnotationView.m; sourceTree = "<group>"; };
		F16CBF00175D444C0069CF26 /* Busdrone.app */ = {isa = PBXFileReference; explicitFileType = wrapper.application; includeInIndex = 0; path = Busdrone.app; sourceTree = BUILT_PRODUCTS_DIR; };
		F16CBF04175D444C0069CF26 /* UIKit.framework */ = {isa = PBXFileReference; lastKnownFileType = wrapper.framework; name = UIKit.framework; path = System/Library/Frameworks/UIKit.framework; sourceTree = SDKROOT; };
		F16CBF06175D444C0069CF26 /* Foundation.framework */ = {isa = PBXFileReference; lastKnownFileType = wrapper.framework; name = Foundation.framework; path = System/Library/Frameworks/Foundation.framework; sourceTree = SDKROOT; };
		F16CBF08175D444C0069CF26 /* CoreGraphics.framework */ = {isa = PBXFileReference; lastKnownFileType = wrapper.framework; name = CoreGraphics.framework; path = System/Library/Frameworks/CoreGraphics.framework; sourceTree = SDKROOT; };
		F16CBF0C175D444C0069CF26 /* Busdrone-Info.plist */ = {isa = PBXFileReference; lastKnownFileType = text.plist.xml; path = "Busdrone-Info.plist"; sourceTree = "<group>"; };
		F16CBF0E175D444C0069CF26 /* en */ = {isa = PBXFileReference; lastKnownFileType = text.plist.strings; name = en; path = en.lproj/InfoPlist.strings; sourceTree = "<group>"; };
		F16CBF10175D444C0069CF26 /* main.m */ = {isa = PBXFileReference; lastKnownFileType = sourcecode.c.objc; path = main.m; sourceTree = "<group>"; };
		F16CBF12175D444C0069CF26 /* Busdrone-Prefix.pch */ = {isa = PBXFileReference; lastKnownFileType = sourcecode.c.h; path = "Busdrone-Prefix.pch"; sourceTree = "<group>"; };
		F16CBF13175D444C0069CF26 /* AppDelegate.h */ = {isa = PBXFileReference; lastKnownFileType = sourcecode.c.h; path = AppDelegate.h; sourceTree = "<group>"; };
		F16CBF14175D444C0069CF26 /* AppDelegate.m */ = {isa = PBXFileReference; lastKnownFileType = sourcecode.c.objc; path = AppDelegate.m; sourceTree = "<group>"; };
		F16CBF16175D444C0069CF26 /* Default.png */ = {isa = PBXFileReference; lastKnownFileType = image.png; path = Default.png; sourceTree = "<group>"; };
		F16CBF18175D444C0069CF26 /* Default@2x.png */ = {isa = PBXFileReference; lastKnownFileType = image.png; path = "Default@2x.png"; sourceTree = "<group>"; };
		F16CBF1A175D444C0069CF26 /* Default-568h@2x.png */ = {isa = PBXFileReference; lastKnownFileType = image.png; path = "Default-568h@2x.png"; sourceTree = "<group>"; };
		F16CBF1D175D444C0069CF26 /* en */ = {isa = PBXFileReference; lastKnownFileType = file.storyboard; name = en; path = en.lproj/MainStoryboard_iPhone.storyboard; sourceTree = "<group>"; };
		F16CBF20175D444C0069CF26 /* en */ = {isa = PBXFileReference; lastKnownFileType = file.storyboard; name = en; path = en.lproj/MainStoryboard_iPad.storyboard; sourceTree = "<group>"; };
		F16CBF22175D444C0069CF26 /* ViewController.h */ = {isa = PBXFileReference; lastKnownFileType = sourcecode.c.h; path = ViewController.h; sourceTree = "<group>"; };
		F16CBF23175D444C0069CF26 /* ViewController.m */ = {isa = PBXFileReference; lastKnownFileType = sourcecode.c.objc; path = ViewController.m; sourceTree = "<group>"; };
		F16CBF2A175D46160069CF26 /* MapKit.framework */ = {isa = PBXFileReference; lastKnownFileType = wrapper.framework; name = MapKit.framework; path = System/Library/Frameworks/MapKit.framework; sourceTree = SDKROOT; };
		F16CBF31175D49E50069CF26 /* base64.c */ = {isa = PBXFileReference; fileEncoding = 4; lastKnownFileType = sourcecode.c.c; path = base64.c; sourceTree = "<group>"; };
		F16CBF32175D49E50069CF26 /* base64.h */ = {isa = PBXFileReference; fileEncoding = 4; lastKnownFileType = sourcecode.c.h; path = base64.h; sourceTree = "<group>"; };
		F16CBF33175D49E50069CF26 /* NSData+SRB64Additions.h */ = {isa = PBXFileReference; fileEncoding = 4; lastKnownFileType = sourcecode.c.h; path = "NSData+SRB64Additions.h"; sourceTree = "<group>"; };
		F16CBF34175D49E50069CF26 /* NSData+SRB64Additions.m */ = {isa = PBXFileReference; fileEncoding = 4; lastKnownFileType = sourcecode.c.objc; path = "NSData+SRB64Additions.m"; sourceTree = "<group>"; };
		F16CBF35175D49E50069CF26 /* SocketRocket-Prefix.pch */ = {isa = PBXFileReference; fileEncoding = 4; lastKnownFileType = sourcecode.c.h; path = "SocketRocket-Prefix.pch"; sourceTree = "<group>"; };
		F16CBF36175D49E50069CF26 /* SRWebSocket.h */ = {isa = PBXFileReference; fileEncoding = 4; lastKnownFileType = sourcecode.c.h; path = SRWebSocket.h; sourceTree = "<group>"; };
		F16CBF37175D49E50069CF26 /* SRWebSocket.m */ = {isa = PBXFileReference; fileEncoding = 4; lastKnownFileType = sourcecode.c.objc; path = SRWebSocket.m; sourceTree = "<group>"; };
		F16CBF3B175D4B150069CF26 /* libicucore.dylib */ = {isa = PBXFileReference; lastKnownFileType = "compiled.mach-o.dylib"; name = libicucore.dylib; path = usr/lib/libicucore.dylib; sourceTree = SDKROOT; };
		F16CBF3D175D4B1D0069CF26 /* CFNetwork.framework */ = {isa = PBXFileReference; lastKnownFileType = wrapper.framework; name = CFNetwork.framework; path = System/Library/Frameworks/CFNetwork.framework; sourceTree = SDKROOT; };
		F16CBF3F175D4B260069CF26 /* Security.framework */ = {isa = PBXFileReference; lastKnownFileType = wrapper.framework; name = Security.framework; path = System/Library/Frameworks/Security.framework; sourceTree = SDKROOT; };
		F16CBF41175D4C640069CF26 /* VehicleAnnotation.h */ = {isa = PBXFileReference; fileEncoding = 4; lastKnownFileType = sourcecode.c.h; path = VehicleAnnotation.h; sourceTree = "<group>"; };
		F16CBF42175D4C640069CF26 /* VehicleAnnotation.m */ = {isa = PBXFileReference; fileEncoding = 4; lastKnownFileType = sourcecode.c.objc; path = VehicleAnnotation.m; sourceTree = "<group>"; };
		F19BB084175EB5E000F0E297 /* HoverToolbar.h */ = {isa = PBXFileReference; fileEncoding = 4; lastKnownFileType = sourcecode.c.h; path = HoverToolbar.h; sourceTree = "<group>"; };
		F19BB085175EB5E000F0E297 /* HoverToolbar.m */ = {isa = PBXFileReference; fileEncoding = 4; lastKnownFileType = sourcecode.c.objc; path = HoverToolbar.m; sourceTree = "<group>"; };
		F19BB088175ED7CB00F0E297 /* .gitignore */ = {isa = PBXFileReference; fileEncoding = 4; lastKnownFileType = text; path = .gitignore; sourceTree = "<group>"; };
		F19BB089175ED7CB00F0E297 /* FDCurlViewControl.h */ = {isa = PBXFileReference; fileEncoding = 4; lastKnownFileType = sourcecode.c.h; path = FDCurlViewControl.h; sourceTree = "<group>"; };
		F19BB08A175ED7CB00F0E297 /* FDCurlViewControl.m */ = {isa = PBXFileReference; fileEncoding = 4; lastKnownFileType = sourcecode.c.objc; path = FDCurlViewControl.m; sourceTree = "<group>"; };
		F19BB08B175ED7CB00F0E297 /* LICENSE */ = {isa = PBXFileReference; fileEncoding = 4; lastKnownFileType = text; path = LICENSE; sourceTree = "<group>"; };
		F19BB08C175ED7CB00F0E297 /* README */ = {isa = PBXFileReference; fileEncoding = 4; lastKnownFileType = text; path = README; sourceTree = "<group>"; };
		F19BB091175EDCD600F0E297 /* QuartzCore.framework */ = {isa = PBXFileReference; lastKnownFileType = wrapper.framework; name = QuartzCore.framework; path = System/Library/Frameworks/QuartzCore.framework; sourceTree = SDKROOT; };
		F19BB093175EDD6C00F0E297 /* MapOptionsView.h */ = {isa = PBXFileReference; fileEncoding = 4; lastKnownFileType = sourcecode.c.h; path = MapOptionsView.h; sourceTree = "<group>"; };
		F19BB094175EDD6C00F0E297 /* MapOptionsView.m */ = {isa = PBXFileReference; fileEncoding = 4; lastKnownFileType = sourcecode.c.objc; path = MapOptionsView.m; sourceTree = "<group>"; };
		F1D42EB0175D85FE00BD04D5 /* UIColor+HexString.h */ = {isa = PBXFileReference; fileEncoding = 4; lastKnownFileType = sourcecode.c.h; path = "UIColor+HexString.h"; sourceTree = "<group>"; };
		F1D42EB1175D85FE00BD04D5 /* UIColor+HexString.m */ = {isa = PBXFileReference; fileEncoding = 4; lastKnownFileType = sourcecode.c.objc; path = "UIColor+HexString.m"; sourceTree = "<group>"; };
		F1D50D18175DA22200122413 /* Busdrone-blue-icon.png */ = {isa = PBXFileReference; lastKnownFileType = image.png; path = "Busdrone-blue-icon.png"; sourceTree = "<group>"; };
		F1D50D1B175DA2A500122413 /* Busdrone-blue-icon-large.png */ = {isa = PBXFileReference; lastKnownFileType = image.png; path = "Busdrone-blue-icon-large.png"; sourceTree = "<group>"; };
		F1D50D1D175DA53D00122413 /* Busdrone-blue-icon-72x72.png */ = {isa = PBXFileReference; lastKnownFileType = image.png; path = "Busdrone-blue-icon-72x72.png"; sourceTree = "<group>"; };
		F1D50D1F175DA56C00122413 /* Busdrone-blue-icon-144x144.png */ = {isa = PBXFileReference; lastKnownFileType = image.png; path = "Busdrone-blue-icon-144x144.png"; sourceTree = "<group>"; };
		F1D50D26175E756600122413 /* CoreLocation.framework */ = {isa = PBXFileReference; lastKnownFileType = wrapper.framework; name = CoreLocation.framework; path = System/Library/Frameworks/CoreLocation.framework; sourceTree = SDKROOT; };
/* End PBXFileReference section */

/* Begin PBXFrameworksBuildPhase section */
		F16CBEFD175D444C0069CF26 /* Frameworks */ = {
			isa = PBXFrameworksBuildPhase;
			buildActionMask = 2147483647;
			files = (
				F19BB092175EDCD600F0E297 /* QuartzCore.framework in Frameworks */,
				F1D50D27175E756600122413 /* CoreLocation.framework in Frameworks */,
				F16CBF40175D4B260069CF26 /* Security.framework in Frameworks */,
				F16CBF3E175D4B1D0069CF26 /* CFNetwork.framework in Frameworks */,
				F16CBF3C175D4B150069CF26 /* libicucore.dylib in Frameworks */,
				F16CBF2B175D46160069CF26 /* MapKit.framework in Frameworks */,
				F16CBF05175D444C0069CF26 /* UIKit.framework in Frameworks */,
				F16CBF07175D444C0069CF26 /* Foundation.framework in Frameworks */,
				F16CBF09175D444C0069CF26 /* CoreGraphics.framework in Frameworks */,
			);
			runOnlyForDeploymentPostprocessing = 0;
		};
/* End PBXFrameworksBuildPhase section */

/* Begin PBXGroup section */
		F16CBEF5175D444B0069CF26 = {
			isa = PBXGroup;
			children = (
				F19BB091175EDCD600F0E297 /* QuartzCore.framework */,
				F19BB087175ED7CB00F0E297 /* FDCurlViewControl */,
				F1D50D26175E756600122413 /* CoreLocation.framework */,
				F1D50D21175DDF0400122413 /* icons */,
				F1D42EAE175D85E500BD04D5 /* lib */,
				F16CBF3F175D4B260069CF26 /* Security.framework */,
				F16CBF3D175D4B1D0069CF26 /* CFNetwork.framework */,
				F16CBF3B175D4B150069CF26 /* libicucore.dylib */,
				F16CBF30175D49E50069CF26 /* SocketRocket */,
				F16CBF2A175D46160069CF26 /* MapKit.framework */,
				F16CBF0A175D444C0069CF26 /* Busdrone */,
				F16CBF03175D444C0069CF26 /* Frameworks */,
				F16CBF01175D444C0069CF26 /* Products */,
			);
			sourceTree = "<group>";
		};
		F16CBF01175D444C0069CF26 /* Products */ = {
			isa = PBXGroup;
			children = (
				F16CBF00175D444C0069CF26 /* Busdrone.app */,
			);
			name = Products;
			sourceTree = "<group>";
		};
		F16CBF03175D444C0069CF26 /* Frameworks */ = {
			isa = PBXGroup;
			children = (
				F16CBF04175D444C0069CF26 /* UIKit.framework */,
				F16CBF06175D444C0069CF26 /* Foundation.framework */,
				F16CBF08175D444C0069CF26 /* CoreGraphics.framework */,
			);
			name = Frameworks;
			sourceTree = "<group>";
		};
		F16CBF0A175D444C0069CF26 /* Busdrone */ = {
			isa = PBXGroup;
			children = (
				F16CBF13175D444C0069CF26 /* AppDelegate.h */,
				F16CBF14175D444C0069CF26 /* AppDelegate.m */,
				F16CBF1C175D444C0069CF26 /* MainStoryboard_iPhone.storyboard */,
				F16CBF1F175D444C0069CF26 /* MainStoryboard_iPad.storyboard */,
				F16CBF22175D444C0069CF26 /* ViewController.h */,
				F16CBF23175D444C0069CF26 /* ViewController.m */,
				F16CBF0B175D444C0069CF26 /* Supporting Files */,
				F16CBF41175D4C640069CF26 /* VehicleAnnotation.h */,
				F16CBF42175D4C640069CF26 /* VehicleAnnotation.m */,
				F124AE70175D75FD00432438 /* VehicleAnnotationView.h */,
				F124AE71175D75FD00432438 /* VehicleAnnotationView.m */,
				F19BB084175EB5E000F0E297 /* HoverToolbar.h */,
				F19BB085175EB5E000F0E297 /* HoverToolbar.m */,
				F19BB093175EDD6C00F0E297 /* MapOptionsView.h */,
				F19BB094175EDD6C00F0E297 /* MapOptionsView.m */,
			);
			path = Busdrone;
			sourceTree = "<group>";
		};
		F16CBF0B175D444C0069CF26 /* Supporting Files */ = {
			isa = PBXGroup;
			children = (
				F16CBF0C175D444C0069CF26 /* Busdrone-Info.plist */,
				F16CBF0D175D444C0069CF26 /* InfoPlist.strings */,
				F16CBF10175D444C0069CF26 /* main.m */,
				F16CBF12175D444C0069CF26 /* Busdrone-Prefix.pch */,
				F16CBF16175D444C0069CF26 /* Default.png */,
				F16CBF18175D444C0069CF26 /* Default@2x.png */,
				F16CBF1A175D444C0069CF26 /* Default-568h@2x.png */,
			);
			name = "Supporting Files";
			sourceTree = "<group>";
		};
		F16CBF30175D49E50069CF26 /* SocketRocket */ = {
			isa = PBXGroup;
			children = (
				F16CBF31175D49E50069CF26 /* base64.c */,
				F16CBF32175D49E50069CF26 /* base64.h */,
				F16CBF33175D49E50069CF26 /* NSData+SRB64Additions.h */,
				F16CBF34175D49E50069CF26 /* NSData+SRB64Additions.m */,
				F16CBF35175D49E50069CF26 /* SocketRocket-Prefix.pch */,
				F16CBF36175D49E50069CF26 /* SRWebSocket.h */,
				F16CBF37175D49E50069CF26 /* SRWebSocket.m */,
			);
			path = SocketRocket;
			sourceTree = "<group>";
		};
		F19BB087175ED7CB00F0E297 /* FDCurlViewControl */ = {
			isa = PBXGroup;
			children = (
				F19BB088175ED7CB00F0E297 /* .gitignore */,
				F19BB089175ED7CB00F0E297 /* FDCurlViewControl.h */,
				F19BB08A175ED7CB00F0E297 /* FDCurlViewControl.m */,
				F19BB08B175ED7CB00F0E297 /* LICENSE */,
				F19BB08C175ED7CB00F0E297 /* README */,
			);
			path = FDCurlViewControl;
			sourceTree = "<group>";
		};
		F1D42EAE175D85E500BD04D5 /* lib */ = {
			isa = PBXGroup;
			children = (
				F1D42EB0175D85FE00BD04D5 /* UIColor+HexString.h */,
				F1D42EB1175D85FE00BD04D5 /* UIColor+HexString.m */,
			);
			name = lib;
			sourceTree = "<group>";
		};
		F1D50D21175DDF0400122413 /* icons */ = {
			isa = PBXGroup;
			children = (
				F1D50D1F175DA56C00122413 /* Busdrone-blue-icon-144x144.png */,
				F1D50D1D175DA53D00122413 /* Busdrone-blue-icon-72x72.png */,
				F1D50D1B175DA2A500122413 /* Busdrone-blue-icon-large.png */,
				F1D50D18175DA22200122413 /* Busdrone-blue-icon.png */,
			);
			name = icons;
			sourceTree = "<group>";
		};
/* End PBXGroup section */

/* Begin PBXNativeTarget section */
		F16CBEFF175D444C0069CF26 /* Busdrone */ = {
			isa = PBXNativeTarget;
			buildConfigurationList = F16CBF27175D444C0069CF26 /* Build configuration list for PBXNativeTarget "Busdrone" */;
			buildPhases = (
				F16CBEFC175D444C0069CF26 /* Sources */,
				F16CBEFD175D444C0069CF26 /* Frameworks */,
				F16CBEFE175D444C0069CF26 /* Resources */,
			);
			buildRules = (
			);
			dependencies = (
			);
			name = Busdrone;
			productName = Busdrone;
			productReference = F16CBF00175D444C0069CF26 /* Busdrone.app */;
			productType = "com.apple.product-type.application";
		};
/* End PBXNativeTarget section */

/* Begin PBXProject section */
		F16CBEF7175D444B0069CF26 /* Project object */ = {
			isa = PBXProject;
			attributes = {
				LastUpgradeCheck = 0450;
				ORGANIZATIONNAME = Busdrone;
			};
			buildConfigurationList = F16CBEFA175D444B0069CF26 /* Build configuration list for PBXProject "Busdrone" */;
			compatibilityVersion = "Xcode 3.2";
			developmentRegion = English;
			hasScannedForEncodings = 0;
			knownRegions = (
				en,
			);
			mainGroup = F16CBEF5175D444B0069CF26;
			productRefGroup = F16CBF01175D444C0069CF26 /* Products */;
			projectDirPath = "";
			projectRoot = "";
			targets = (
				F16CBEFF175D444C0069CF26 /* Busdrone */,
			);
		};
/* End PBXProject section */

/* Begin PBXResourcesBuildPhase section */
		F16CBEFE175D444C0069CF26 /* Resources */ = {
			isa = PBXResourcesBuildPhase;
			buildActionMask = 2147483647;
			files = (
				F16CBF0F175D444C0069CF26 /* InfoPlist.strings in Resources */,
				F16CBF17175D444C0069CF26 /* Default.png in Resources */,
				F16CBF19175D444C0069CF26 /* Default@2x.png in Resources */,
				F16CBF1B175D444C0069CF26 /* Default-568h@2x.png in Resources */,
				F16CBF1E175D444C0069CF26 /* MainStoryboard_iPhone.storyboard in Resources */,
				F16CBF21175D444C0069CF26 /* MainStoryboard_iPad.storyboard in Resources */,
				F1D50D19175DA22200122413 /* Busdrone-blue-icon.png in Resources */,
				F1D50D1C175DA2A500122413 /* Busdrone-blue-icon-large.png in Resources */,
				F1D50D1E175DA53D00122413 /* Busdrone-blue-icon-72x72.png in Resources */,
				F1D50D20175DA56C00122413 /* Busdrone-blue-icon-144x144.png in Resources */,
				F19BB08D175ED7CB00F0E297 /* .gitignore in Resources */,
				F19BB08F175ED7CB00F0E297 /* LICENSE in Resources */,
				F19BB090175ED7CB00F0E297 /* README in Resources */,
			);
			runOnlyForDeploymentPostprocessing = 0;
		};
/* End PBXResourcesBuildPhase section */

/* Begin PBXSourcesBuildPhase section */
		F16CBEFC175D444C0069CF26 /* Sources */ = {
			isa = PBXSourcesBuildPhase;
			buildActionMask = 2147483647;
			files = (
				F16CBF11175D444C0069CF26 /* main.m in Sources */,
				F16CBF15175D444C0069CF26 /* AppDelegate.m in Sources */,
				F16CBF24175D444C0069CF26 /* ViewController.m in Sources */,
				F16CBF38175D49E50069CF26 /* base64.c in Sources */,
				F16CBF39175D49E50069CF26 /* NSData+SRB64Additions.m in Sources */,
				F16CBF3A175D49E50069CF26 /* SRWebSocket.m in Sources */,
				F16CBF43175D4C640069CF26 /* VehicleAnnotation.m in Sources */,
				F124AE72175D75FD00432438 /* VehicleAnnotationView.m in Sources */,
				F1D42EB2175D85FE00BD04D5 /* UIColor+HexString.m in Sources */,
				F19BB086175EB5E000F0E297 /* HoverToolbar.m in Sources */,
				F19BB08E175ED7CB00F0E297 /* FDCurlViewControl.m in Sources */,
				F19BB095175EDD6C00F0E297 /* MapOptionsView.m in Sources */,
			);
			runOnlyForDeploymentPostprocessing = 0;
		};
/* End PBXSourcesBuildPhase section */

/* Begin PBXVariantGroup section */
		F16CBF0D175D444C0069CF26 /* InfoPlist.strings */ = {
			isa = PBXVariantGroup;
			children = (
				F16CBF0E175D444C0069CF26 /* en */,
			);
			name = InfoPlist.strings;
			sourceTree = "<group>";
		};
		F16CBF1C175D444C0069CF26 /* MainStoryboard_iPhone.storyboard */ = {
			isa = PBXVariantGroup;
			children = (
				F16CBF1D175D444C0069CF26 /* en */,
			);
			name = MainStoryboard_iPhone.storyboard;
			sourceTree = "<group>";
		};
		F16CBF1F175D444C0069CF26 /* MainStoryboard_iPad.storyboard */ = {
			isa = PBXVariantGroup;
			children = (
				F16CBF20175D444C0069CF26 /* en */,
			);
			name = MainStoryboard_iPad.storyboard;
			sourceTree = "<group>";
		};
/* End PBXVariantGroup section */

/* Begin XCBuildConfiguration section */
		F16CBF25175D444C0069CF26 /* Debug */ = {
			isa = XCBuildConfiguration;
			buildSettings = {
				ALWAYS_SEARCH_USER_PATHS = NO;
				CLANG_CXX_LANGUAGE_STANDARD = "gnu++0x";
				CLANG_CXX_LIBRARY = "libc++";
				CLANG_ENABLE_OBJC_ARC = YES;
				CLANG_WARN_EMPTY_BODY = YES;
				CLANG_WARN__DUPLICATE_METHOD_MATCH = YES;
				"CODE_SIGN_IDENTITY[sdk=iphoneos*]" = "iPhone Developer";
				COPY_PHASE_STRIP = NO;
				GCC_C_LANGUAGE_STANDARD = gnu99;
				GCC_DYNAMIC_NO_PIC = NO;
				GCC_OPTIMIZATION_LEVEL = 0;
				GCC_PREPROCESSOR_DEFINITIONS = (
					"DEBUG=1",
					"$(inherited)",
				);
				GCC_SYMBOLS_PRIVATE_EXTERN = NO;
				GCC_WARN_ABOUT_RETURN_TYPE = YES;
				GCC_WARN_UNINITIALIZED_AUTOS = YES;
				GCC_WARN_UNUSED_VARIABLE = YES;
				IPHONEOS_DEPLOYMENT_TARGET = 5.1;
				ONLY_ACTIVE_ARCH = YES;
				SDKROOT = iphoneos;
				TARGETED_DEVICE_FAMILY = "1,2";
			};
			name = Debug;
		};
		F16CBF26175D444C0069CF26 /* Release */ = {
			isa = XCBuildConfiguration;
			buildSettings = {
				ALWAYS_SEARCH_USER_PATHS = NO;
				CLANG_CXX_LANGUAGE_STANDARD = "gnu++0x";
				CLANG_CXX_LIBRARY = "libc++";
				CLANG_ENABLE_OBJC_ARC = YES;
				CLANG_WARN_EMPTY_BODY = YES;
				CLANG_WARN__DUPLICATE_METHOD_MATCH = YES;
				"CODE_SIGN_IDENTITY[sdk=iphoneos*]" = "iPhone Developer";
				COPY_PHASE_STRIP = YES;
				GCC_C_LANGUAGE_STANDARD = gnu99;
				GCC_WARN_ABOUT_RETURN_TYPE = YES;
				GCC_WARN_UNINITIALIZED_AUTOS = YES;
				GCC_WARN_UNUSED_VARIABLE = YES;
				IPHONEOS_DEPLOYMENT_TARGET = 5.1;
				OTHER_CFLAGS = "-DNS_BLOCK_ASSERTIONS=1";
				SDKROOT = iphoneos;
				TARGETED_DEVICE_FAMILY = "1,2";
				VALIDATE_PRODUCT = YES;
			};
			name = Release;
		};
		F16CBF28175D444C0069CF26 /* Debug */ = {
			isa = XCBuildConfiguration;
			buildSettings = {
				CODE_SIGN_IDENTITY = "iPhone Developer";
				GCC_PRECOMPILE_PREFIX_HEADER = YES;
				GCC_PREFIX_HEADER = "Busdrone/Busdrone-Prefix.pch";
				INFOPLIST_FILE = "Busdrone/Busdrone-Info.plist";
				IPHONEOS_DEPLOYMENT_TARGET = 5.1;
				PRODUCT_NAME = "$(TARGET_NAME)";
				PROVISIONING_PROFILE = "";
				WRAPPER_EXTENSION = app;
			};
			name = Debug;
		};
		F16CBF29175D444C0069CF26 /* Release */ = {
			isa = XCBuildConfiguration;
			buildSettings = {
				CODE_SIGN_IDENTITY = "iPhone Developer";
				GCC_PRECOMPILE_PREFIX_HEADER = YES;
				GCC_PREFIX_HEADER = "Busdrone/Busdrone-Prefix.pch";
				INFOPLIST_FILE = "Busdrone/Busdrone-Info.plist";
				IPHONEOS_DEPLOYMENT_TARGET = 5.1;
				PRODUCT_NAME = "$(TARGET_NAME)";
				PROVISIONING_PROFILE = "";
				WRAPPER_EXTENSION = app;
			};
			name = Release;
		};
/* End XCBuildConfiguration section */

/* Begin XCConfigurationList section */
		F16CBEFA175D444B0069CF26 /* Build configuration list for PBXProject "Busdrone" */ = {
			isa = XCConfigurationList;
			buildConfigurations = (
				F16CBF25175D444C0069CF26 /* Debug */,
				F16CBF26175D444C0069CF26 /* Release */,
			);
			defaultConfigurationIsVisible = 0;
			defaultConfigurationName = Release;
		};
		F16CBF27175D444C0069CF26 /* Build configuration list for PBXNativeTarget "Busdrone" */ = {
			isa = XCConfigurationList;
			buildConfigurations = (
				F16CBF28175D444C0069CF26 /* Debug */,
				F16CBF29175D444C0069CF26 /* Release */,
			);
			defaultConfigurationIsVisible = 0;
			defaultConfigurationName = Release;
		};
/* End XCConfigurationList section */
	};
	rootObject = F16CBEF7175D444B0069CF26 /* Project object */;
}
